
Microsoft Visual Studio Solution File, Format Version 12.00
# Visual Studio Version 16
VisualStudioVersion = 16.0.29102.190
MinimumVisualStudioVersion = 10.0.40219.1
Project("{9A19103F-16F7-4668-BE54-9A1E7A4F7556}") = "ForgedOnce.Sandbox.MsBuildRunner", "ForgedOnce.Sandbox.MsBuildRunner\ForgedOnce.Sandbox.MsBuildRunner.csproj", "{A68C8C46-494C-47C4-AF20-7166D2EDCBCA}"
EndProject
Project("{9A19103F-16F7-4668-BE54-9A1E7A4F7556}") = "ForgedOnce.Core", "ForgedOnce.Core\ForgedOnce.Core.csproj", "{D186527D-BF2B-4A8C-ABE7-BCFDBBDD75A5}"
EndProject
Project("{9A19103F-16F7-4668-BE54-9A1E7A4F7556}") = "ForgedOnce.Environment", "ForgedOnce.Environment\ForgedOnce.Environment.csproj", "{09092B0B-E949-478B-A0BF-89E46A77350C}"
EndProject
Project("{9A19103F-16F7-4668-BE54-9A1E7A4F7556}") = "ForgedOnce.Launcher.MSBuild", "ForgedOnce.Launcher.MSBuild\ForgedOnce.Launcher.MSBuild.csproj", "{BC143841-FA83-44D4-B10E-CA7CCE300BAF}"
EndProject
Project("{9A19103F-16F7-4668-BE54-9A1E7A4F7556}") = "ForgedOnce.CSharp", "ForgedOnce.CSharp\ForgedOnce.CSharp.csproj", "{D196E51C-6F38-4403-AE51-E12481A8012F}"
EndProject
Project("{9A19103F-16F7-4668-BE54-9A1E7A4F7556}") = "ForgedOnce.Glsl", "ForgedOnce.Glsl\ForgedOnce.Glsl.csproj", "{18075779-A3DE-4F0A-BB08-924CF39B13EA}"
EndProject
Project("{9A19103F-16F7-4668-BE54-9A1E7A4F7556}") = "ForgedOnce.TypeScript", "ForgedOnce.TypeScript\ForgedOnce.TypeScript.csproj", "{AAFC0E1D-A196-44F7-B33F-EA368956223F}"
EndProject
Project("{9A19103F-16F7-4668-BE54-9A1E7A4F7556}") = "ForgedOnce.CSharp.MsBuild", "ForgedOnce.CSharp.MsBuild\ForgedOnce.CSharp.MsBuild.csproj", "{ECAE11E9-D054-46A4-8F85-0F55210F50D7}"
EndProject
Project("{9A19103F-16F7-4668-BE54-9A1E7A4F7556}") = "ForgedOnce.TypeScript.MsBuild", "ForgedOnce.TypeScript.MsBuild\ForgedOnce.TypeScript.MsBuild.csproj", "{151889AF-8FFA-4659-87E2-ABB18EABCFB9}"
EndProject
Project("{9A19103F-16F7-4668-BE54-9A1E7A4F7556}") = "ForgedOnce.Glsl.MsBuild", "ForgedOnce.Glsl.MsBuild\ForgedOnce.Glsl.MsBuild.csproj", "{741736BB-2243-4333-8AB8-513426F384FB}"
EndProject
Global
	GlobalSection(SolutionConfigurationPlatforms) = preSolution
		Debug|Any CPU = Debug|Any CPU
		Release|Any CPU = Release|Any CPU
	EndGlobalSection
	GlobalSection(ProjectConfigurationPlatforms) = postSolution
		{A68C8C46-494C-47C4-AF20-7166D2EDCBCA}.Debug|Any CPU.ActiveCfg = Debug|Any CPU
		{A68C8C46-494C-47C4-AF20-7166D2EDCBCA}.Debug|Any CPU.Build.0 = Debug|Any CPU
		{A68C8C46-494C-47C4-AF20-7166D2EDCBCA}.Release|Any CPU.ActiveCfg = Release|Any CPU
		{A68C8C46-494C-47C4-AF20-7166D2EDCBCA}.Release|Any CPU.Build.0 = Release|Any CPU
		{D186527D-BF2B-4A8C-ABE7-BCFDBBDD75A5}.Debug|Any CPU.ActiveCfg = Debug|Any CPU
		{D186527D-BF2B-4A8C-ABE7-BCFDBBDD75A5}.Debug|Any CPU.Build.0 = Debug|Any CPU
		{D186527D-BF2B-4A8C-ABE7-BCFDBBDD75A5}.Release|Any CPU.ActiveCfg = Release|Any CPU
		{D186527D-BF2B-4A8C-ABE7-BCFDBBDD75A5}.Release|Any CPU.Build.0 = Release|Any CPU
		{09092B0B-E949-478B-A0BF-89E46A77350C}.Debug|Any CPU.ActiveCfg = Debug|Any CPU
		{09092B0B-E949-478B-A0BF-89E46A77350C}.Debug|Any CPU.Build.0 = Debug|Any CPU
		{09092B0B-E949-478B-A0BF-89E46A77350C}.Release|Any CPU.ActiveCfg = Release|Any CPU
		{09092B0B-E949-478B-A0BF-89E46A77350C}.Release|Any CPU.Build.0 = Release|Any CPU
		{BC143841-FA83-44D4-B10E-CA7CCE300BAF}.Debug|Any CPU.ActiveCfg = Debug|Any CPU
		{BC143841-FA83-44D4-B10E-CA7CCE300BAF}.Debug|Any CPU.Build.0 = Debug|Any CPU
		{BC143841-FA83-44D4-B10E-CA7CCE300BAF}.Release|Any CPU.ActiveCfg = Release|Any CPU
		{BC143841-FA83-44D4-B10E-CA7CCE300BAF}.Release|Any CPU.Build.0 = Release|Any CPU
		{D196E51C-6F38-4403-AE51-E12481A8012F}.Debug|Any CPU.ActiveCfg = Debug|Any CPU
		{D196E51C-6F38-4403-AE51-E12481A8012F}.Debug|Any CPU.Build.0 = Debug|Any CPU
		{D196E51C-6F38-4403-AE51-E12481A8012F}.Release|Any CPU.ActiveCfg = Release|Any CPU
		{D196E51C-6F38-4403-AE51-E12481A8012F}.Release|Any CPU.Build.0 = Release|Any CPU
		{18075779-A3DE-4F0A-BB08-924CF39B13EA}.Debug|Any CPU.ActiveCfg = Debug|Any CPU
		{18075779-A3DE-4F0A-BB08-924CF39B13EA}.Debug|Any CPU.Build.0 = Debug|Any CPU
		{18075779-A3DE-4F0A-BB08-924CF39B13EA}.Release|Any CPU.ActiveCfg = Release|Any CPU
		{18075779-A3DE-4F0A-BB08-924CF39B13EA}.Release|Any CPU.Build.0 = Release|Any CPU
		{AAFC0E1D-A196-44F7-B33F-EA368956223F}.Debug|Any CPU.ActiveCfg = Debug|Any CPU
		{AAFC0E1D-A196-44F7-B33F-EA368956223F}.Debug|Any CPU.Build.0 = Debug|Any CPU
		{AAFC0E1D-A196-44F7-B33F-EA368956223F}.Release|Any CPU.ActiveCfg = Release|Any CPU
		{AAFC0E1D-A196-44F7-B33F-EA368956223F}.Release|Any CPU.Build.0 = Release|Any CPU
		{ECAE11E9-D054-46A4-8F85-0F55210F50D7}.Debug|Any CPU.ActiveCfg = Debug|Any CPU
		{ECAE11E9-D054-46A4-8F85-0F55210F50D7}.Debug|Any CPU.Build.0 = Debug|Any CPU
		{ECAE11E9-D054-46A4-8F85-0F55210F50D7}.Release|Any CPU.ActiveCfg = Release|Any CPU
		{ECAE11E9-D054-46A4-8F85-0F55210F50D7}.Release|Any CPU.Build.0 = Release|Any CPU
		{151889AF-8FFA-4659-87E2-ABB18EABCFB9}.Debug|Any CPU.ActiveCfg = Debug|Any CPU
		{151889AF-8FFA-4659-87E2-ABB18EABCFB9}.Debug|Any CPU.Build.0 = Debug|Any CPU
		{151889AF-8FFA-4659-87E2-ABB18EABCFB9}.Release|Any CPU.ActiveCfg = Release|Any CPU
		{151889AF-8FFA-4659-87E2-ABB18EABCFB9}.Release|Any CPU.Build.0 = Release|Any CPU
		{741736BB-2243-4333-8AB8-513426F384FB}.Debug|Any CPU.ActiveCfg = Debug|Any CPU
		{741736BB-2243-4333-8AB8-513426F384FB}.Debug|Any CPU.Build.0 = Debug|Any CPU
		{741736BB-2243-4333-8AB8-513426F384FB}.Release|Any CPU.ActiveCfg = Release|Any CPU
		{741736BB-2243-4333-8AB8-513426F384FB}.Release|Any CPU.Build.0 = Release|Any CPU
	EndGlobalSection
	GlobalSection(SolutionProperties) = preSolution
		HideSolutionNode = FALSE
	EndGlobalSection
	GlobalSection(ExtensibilityGlobals) = postSolution
		SolutionGuid = {6AE8E965-ABC6-4ECA-A0EA-71B0A3CD8577}
	EndGlobalSection
EndGlobal
